
Microsoft Visual Studio Solution File, Format Version 12.00
# Visual Studio Version 17
VisualStudioVersion = 17.1.32328.378
MinimumVisualStudioVersion = 10.0.40219.1
Project("{9A19103F-16F7-4668-BE54-9A1E7A4F7556}") = "Eixini.Maheirema.Wpf", "src\Eixini.Maheirema.Wpf\Eixini.Maheirema.Wpf.csproj", "{F2D81EAE-A76A-4927-850B-77AC56A64C16}"
EndProject
Project("{2150E333-8FDC-42A3-9474-1A3956D46DE8}") = "Solution Items", "Solution Items", "{D6038A45-39C7-44CC-8C25-822FF561F1EA}"
	ProjectSection(SolutionItems) = preProject
		.editorconfig = .editorconfig
		.gitattributes = .gitattributes
		.gitignore = .gitignore
		AnimatedLogo.gif = AnimatedLogo.gif
		Directory.Build.props = Directory.Build.props
		LICENSE = LICENSE
		README.md = README.md
	EndProjectSection
EndProject
Global
	GlobalSection(SolutionConfigurationPlatforms) = preSolution
		Debug|Any CPU = Debug|Any CPU
		Release|Any CPU = Release|Any CPU
	EndGlobalSection
	GlobalSection(ProjectConfigurationPlatforms) = postSolution
		{F2D81EAE-A76A-4927-850B-77AC56A64C16}.Debug|Any CPU.ActiveCfg = Debug|Any CPU
		{F2D81EAE-A76A-4927-850B-77AC56A64C16}.Debug|Any CPU.Build.0 = Debug|Any CPU
		{F2D81EAE-A76A-4927-850B-77AC56A64C16}.Release|Any CPU.ActiveCfg = Release|Any CPU
		{F2D81EAE-A76A-4927-850B-77AC56A64C16}.Release|Any CPU.Build.0 = Release|Any CPU
	EndGlobalSection
	GlobalSection(SolutionProperties) = preSolution
		HideSolutionNode = FALSE
	EndGlobalSection
	GlobalSection(ExtensibilityGlobals) = postSolution
		SolutionGuid = {0958A0B1-AD07-4D9B-82E5-5BB94F5AFC34}
	EndGlobalSection
EndGlobal
